Microsoft Visual Studio Solution File, Format Version 11.00
# Visual Studio 2008

Project("{B4F9F4FB-1A69-50BD-1B95-0E967810A946}") = "gearVR", "Assembly-CSharp.csproj", "{4945F4F6-1FDB-7824-C07C-D96C3047DC95}"
EndProject
Global
	GlobalSection(SolutionConfigurationPlatforms) = preSolution
		Debug|Any CPU = Debug|Any CPU
		Release|Any CPU = Release|Any CPU
	EndGlobalSection
	GlobalSection(ProjectConfigurationPlatforms) = postSolution
		{4945F4F6-1FDB-7824-C07C-D96C3047DC95}.Debug|Any CPU.ActiveCfg = Debug|Any CPU
		{4945F4F6-1FDB-7824-C07C-D96C3047DC95}.Debug|Any CPU.Build.0 = Debug|Any CPU
		{4945F4F6-1FDB-7824-C07C-D96C3047DC95}.Release|Any CPU.ActiveCfg = Release|Any CPU
		{4945F4F6-1FDB-7824-C07C-D96C3047DC95}.Release|Any CPU.Build.0 = Release|Any CPU
	EndGlobalSection
	GlobalSection(SolutionProperties) = preSolution
		HideSolutionNode = FALSE
	EndGlobalSection
	GlobalSection(MonoDevelopProperties) = preSolution
		StartupItem = Assembly-CSharp.csproj
	EndGlobalSection
EndGlobal
